
Microsoft Visual Studio Solution File, Format Version 12.00
# Visual Studio Version 17
VisualStudioVersion = 17.11.35327.3
MinimumVisualStudioVersion = 10.0.40219.1
Project("{9A19103F-16F7-4668-BE54-9A1E7A4F7556}") = "Exercises.Test", "Exercises.Test\Exercises.Test.csproj", "{5A4E743E-380A-431A-B80D-B27C52C60301}"
EndProject
Project("{FAE04EC0-301F-11D3-BF4B-00C04F79EFBC}") = "Excersices", "Excersices\Excersices.csproj", "{00E5DD41-CF80-4884-90EE-1AD633588098}"
EndProject
Global
	GlobalSection(SolutionConfigurationPlatforms) = preSolution
		Debug|Any CPU = Debug|Any CPU
		Release|Any CPU = Release|Any CPU
	EndGlobalSection
	GlobalSection(ProjectConfigurationPlatforms) = postSolution
		{5A4E743E-380A-431A-B80D-B27C52C60301}.Debug|Any CPU.ActiveCfg = Debug|Any CPU
		{5A4E743E-380A-431A-B80D-B27C52C60301}.Debug|Any CPU.Build.0 = Debug|Any CPU
		{5A4E743E-380A-431A-B80D-B27C52C60301}.Release|Any CPU.ActiveCfg = Release|Any CPU
		{5A4E743E-380A-431A-B80D-B27C52C60301}.Release|Any CPU.Build.0 = Release|Any CPU
		{00E5DD41-CF80-4884-90EE-1AD633588098}.Debug|Any CPU.ActiveCfg = Debug|Any CPU
		{00E5DD41-CF80-4884-90EE-1AD633588098}.Debug|Any CPU.Build.0 = Debug|Any CPU
		{00E5DD41-CF80-4884-90EE-1AD633588098}.Release|Any CPU.ActiveCfg = Release|Any CPU
		{00E5DD41-CF80-4884-90EE-1AD633588098}.Release|Any CPU.Build.0 = Release|Any CPU
	EndGlobalSection
	GlobalSection(SolutionProperties) = preSolution
		HideSolutionNode = FALSE
	EndGlobalSection
	GlobalSection(ExtensibilityGlobals) = postSolution
		SolutionGuid = {3E87FADF-3E4F-4CD5-B3DA-868FA6625199}
	EndGlobalSection
EndGlobal
